
Microsoft Visual Studio Solution File, Format Version 12.00
# Visual Studio Version 16
VisualStudioVersion = 16.0.37206.5
MinimumVisualStudioVersion = 10.0.40219.1
Project("{FAE04EC0-301F-11D3-BF4B-00C04F79EFBC}") = "capivaras_hardware", "capivaras_hardware\capivaras_hardware.csproj", "{278395C5-5085-434E-BE13-9DE3CB605BE9}"
EndProject
Global
	GlobalSection(SolutionConfigurationPlatforms) = preSolution
		Debug|Any CPU = Debug|Any CPU
		Release|Any CPU = Release|Any CPU
	EndGlobalSection
	GlobalSection(ProjectConfigurationPlatforms) = postSolution
		{278395C5-5085-434E-BE13-9DE3CB605BE9}.Debug|Any CPU.ActiveCfg = Debug|Any CPU
		{278395C5-5085-434E-BE13-9DE3CB605BE9}.Debug|Any CPU.Build.0 = Debug|Any CPU
		{278395C5-5085-434E-BE13-9DE3CB605BE9}.Release|Any CPU.ActiveCfg = Release|Any CPU
		{278395C5-5085-434E-BE13-9DE3CB605BE9}.Release|Any CPU.Build.0 = Release|Any CPU
	EndGlobalSection
	GlobalSection(SolutionProperties) = preSolution
		HideSolutionNode = FALSE
	EndGlobalSection
	GlobalSection(ExtensibilityGlobals) = postSolution
		SolutionGuid = {DDBC74BC-6E95-4A75-BAFE-AE83F4B4E361}
	EndGlobalSection
EndGlobal
